{
  "name": "cli-wb-ts-atv",
  "version": "1.0.0",
  "lockfileVersion": 2,
  "requires": true,
  "packages": {
    "": {
      "name": "cli-wb-ts-atv",
      "version": "1.0.0",
      "license": "ISC",
      "dependencies": {
        "@types/node": "^16.7.10",
        "@types/prompt-sync": "^4.1.1",
        "prompt-sync": "^4.1.6"
      },
      "devDependencies": {
        "typescript": "^4.4.4"
      }
    },
    "node_modules/@types/node": {
      "version": "16.9.1",
      "resolved": "https://registry.npmjs.org/@types/node/-/node-16.9.1.tgz",
      "integrity": "sha512-QpLcX9ZSsq3YYUUnD3nFDY8H7wctAhQj/TFKL8Ya8v5fMm3CFXxo8zStsLAl780ltoYoo1WvKUVGBQK+1ifr7g=="
    },
    "node_modules/@types/prompt-sync": {
      "version": "4.1.1",
      "resolved": "https://registry.npmjs.org/@types/prompt-sync/-/prompt-sync-4.1.1.tgz",
      "integrity": "sha512-ww0S+dKSnuiO+PstYQM7yyxEkl2Y0r5lhg/g/p4ObA6m4OWsXdtuQtB+ORj/+lQ5U5OeLNNnmYVaWVB/y2JjdA=="
    },
    "node_modules/prompt-sync": {
      "version": "4.1.6",
      "resolved": "https://registry.npmjs.org/prompt-sync/-/prompt-sync-4.1.6.tgz",
      "integrity": "sha512-dYjDha0af2vefm6soqnPnFEz2tAzwH/kb+pPoaCohRoPUxFXj+mymkOFgxX7Ylv59TdEr7OzktEizdK7MIMvIw=="
    },
    "node_modules/typescript": {
      "version": "4.4.4",
      "resolved": "https://registry.npmjs.org/typescript/-/typescript-4.4.4.tgz",
      "integrity": "sha512-DqGhF5IKoBl8WNf8C1gu8q0xZSInh9j1kJJMqT3a94w1JzVaBU4EXOSMrz9yDqMT0xt3selp83fuFMQ0uzv6qA==",
      "dev": true,
      "bin": {
        "tsc": "bin/tsc",
        "tsserver": "bin/tsserver"
      },
      "engines": {
        "node": ">=4.2.0"
      }
    }
  },
  "dependencies": {
    "@types/node": {
      "version": "16.9.1",
      "resolved": "https://registry.npmjs.org/@types/node/-/node-16.9.1.tgz",
      "integrity": "sha512-QpLcX9ZSsq3YYUUnD3nFDY8H7wctAhQj/TFKL8Ya8v5fMm3CFXxo8zStsLAl780ltoYoo1WvKUVGBQK+1ifr7g=="
    },
    "@types/prompt-sync": {
      "version": "4.1.1",
      "resolved": "https://registry.npmjs.org/@types/prompt-sync/-/prompt-sync-4.1.1.tgz",
      "integrity": "sha512-ww0S+dKSnuiO+PstYQM7yyxEkl2Y0r5lhg/g/p4ObA6m4OWsXdtuQtB+ORj/+lQ5U5OeLNNnmYVaWVB/y2JjdA=="
    },
    "prompt-sync": {
      "version": "4.1.6",
      "resolved": "https://registry.npmjs.org/prompt-sync/-/prompt-sync-4.1.6.tgz",
      "integrity": "sha512-dYjDha0af2vefm6soqnPnFEz2tAzwH/kb+pPoaCohRoPUxFXj+mymkOFgxX7Ylv59TdEr7OzktEizdK7MIMvIw=="
    },
    "typescript": {
      "version": "4.4.4",
      "resolved": "https://registry.npmjs.org/typescript/-/typescript-4.4.4.tgz",
      "integrity": "sha512-DqGhF5IKoBl8WNf8C1gu8q0xZSInh9j1kJJMqT3a94w1JzVaBU4EXOSMrz9yDqMT0xt3selp83fuFMQ0uzv6qA==",
      "dev": true
    }
  }
}
